
Microsoft Visual Studio Solution File, Format Version 12.00
# Visual Studio Version 16
VisualStudioVersion = 16.0.28922.388
MinimumVisualStudioVersion = 10.0.40219.1
Project("{FAE04EC0-301F-11D3-BF4B-00C04F79EFBC}") = "APIProcessor", "APIProcessor.csproj", "{13D5AB54-CF45-42A5-B076-FC565CC33F0C}"
EndProject
Global
	GlobalSection(SolutionConfigurationPlatforms) = preSolution
		Debug|Any CPU = Debug|Any CPU
		Release|Any CPU = Release|Any CPU
	EndGlobalSection
	GlobalSection(ProjectConfigurationPlatforms) = postSolution
		{13D5AB54-CF45-42A5-B076-FC565CC33F0C}.Debug|Any CPU.ActiveCfg = Debug|Any CPU
		{13D5AB54-CF45-42A5-B076-FC565CC33F0C}.Debug|Any CPU.Build.0 = Debug|Any CPU
		{13D5AB54-CF45-42A5-B076-FC565CC33F0C}.Release|Any CPU.ActiveCfg = Release|Any CPU
		{13D5AB54-CF45-42A5-B076-FC565CC33F0C}.Release|Any CPU.Build.0 = Release|Any CPU
	EndGlobalSection
	GlobalSection(SolutionProperties) = preSolution
		HideSolutionNode = FALSE
	EndGlobalSection
	GlobalSection(ExtensibilityGlobals) = postSolution
		SolutionGuid = {2CBBE8FC-153E-4707-96B5-4A75CB023C6F}
	EndGlobalSection
EndGlobal
